{
    "name": "nl.joolee.homey.espeasy",
    "version": "0.0.1",
    "lockfileVersion": 2,
    "requires": true,
    "packages": {
        "": {
            "version": "0.0.1",
            "dependencies": {
                "http.min": "^2.1.0"
            }
        },
        "node_modules/http.min": {
            "version": "2.1.0",
            "resolved": "https://registry.npmjs.org/http.min/-/http.min-2.1.0.tgz",
            "integrity": "sha512-EpgADfIuReAZODaDifYvKGyViUw6Lbsn0ESMuYnJ4AUSxvZ6+FVJszODEh61Ag2akLR/DUz4E5AV3dpuM8e62g==",
            "engines": {
                "node": ">=10.12.0"
            }
        }
    },
    "dependencies": {
        "http.min": {
            "version": "2.1.0",
            "resolved": "https://registry.npmjs.org/http.min/-/http.min-2.1.0.tgz",
            "integrity": "sha512-EpgADfIuReAZODaDifYvKGyViUw6Lbsn0ESMuYnJ4AUSxvZ6+FVJszODEh61Ag2akLR/DUz4E5AV3dpuM8e62g=="
        }
    }
}
